{
  "name": "fr.dadflip",
  "lockfileVersion": 3,
  "requires": true,
  "packages": {
    "": {
      "devDependencies": {
        "svelte-grid": "^5.1.2"
      }
    },
    "node_modules/svelte-grid": {
      "version": "5.1.2",
      "resolved": "https://registry.npmjs.org/svelte-grid/-/svelte-grid-5.1.2.tgz",
      "integrity": "sha512-Suwgb+L3LALhTyA7z4vn87UOJ+xBY6EeKa6MdWqDv/lZOtQgIZ21ry/I6txIn9IC0p8of4AiOXupkSMcZ+DEug==",
      "dev": true,
      "license": "MIT"
    }
  }
}
